<?xml version="1.0" encoding="UTF-8" standalone="yes" ?>
<CodeBlocks_project_file>
	<FileVersion major="1" minor="6" />
	<Project>
		<Option title="Instancing" />
		<Option pch_mode="2" />
		<Option compiler="gcc" />
		<Build>
			<Target title="Release">
				<Option output="bin/Instancing" prefix_auto="1" extension_auto="1" />
				<Option working_dir="bin" />
				<Option object_output="obj/Release/" />
				<Option type="1" />
				<Option compiler="gcc" />
				<Compiler>
					<Add option="-O2" />
					<Add option="-std=c++11" />
				</Compiler>
				<Linker>
					<Add option="-s" />
				</Linker>
			</Target>
		</Build>
		<Compiler>
			<Add option="-Wall" />
			<Add option="-fexceptions" />
			<Add directory="Utility/include" />
			<Add directory="Utility/include/VM" />
			<Add directory="Utility/include/GL" />
			<Add directory="External/include/GL" />
			<Add directory="Simple OpenGL Image Library/src" />
		</Compiler>
		<Linker>
			<Add option="-lUtility -lSOIL -lfreeglut -lglu32 -lopengl32 -lgdi32 -lglew32" />
			<Add directory="bin/lib" />
			<Add directory="External/lib/win32" />
		</Linker>
		<Unit filename="Instancing.cpp" />
		<Unit filename="Physics.cpp" />
		<Unit filename="Physics.h" />
		<Unit filename="Texture/back.png" />
		<Unit filename="Texture/bottom.png" />
		<Unit filename="Texture/front.png" />
		<Unit filename="Texture/grass.png" />
		<Unit filename="Texture/ground.png" />
		<Unit filename="Texture/left.png" />
		<Unit filename="Texture/right.png" />
		<Unit filename="Texture/top.png" />
		<Unit filename="bin/shaders/grass.frag" />
		<Unit filename="bin/shaders/grass.vert" />
		<Unit filename="bin/shaders/ground.frag" />
		<Unit filename="bin/shaders/ground.vert" />
		<Unit filename="bin/shaders/skybox.frag" />
		<Unit filename="bin/shaders/skybox.vert" />
		<Unit filename="main.cpp" />
		<Extensions>
			<code_completion />
			<envvars />
			<debugger />
		</Extensions>
	</Project>
</CodeBlocks_project_file>
